
Microsoft Visual Studio Solution File, Format Version 12.00
# Visual Studio Version 16
VisualStudioVersion = 16.0.31424.327
MinimumVisualStudioVersion = 10.0.40219.1
Project("{FAE04EC0-301F-11D3-BF4B-00C04F79EFBC}") = "PrimerParcial", "PrimerParcial\PrimerParcial.csproj", "{858F66FD-CF8D-48C6-933A-D5732D43850B}"
EndProject
Global
	GlobalSection(SolutionConfigurationPlatforms) = preSolution
		Debug|Any CPU = Debug|Any CPU
		Release|Any CPU = Release|Any CPU
	EndGlobalSection
	GlobalSection(ProjectConfigurationPlatforms) = postSolution
		{858F66FD-CF8D-48C6-933A-D5732D43850B}.Debug|Any CPU.ActiveCfg = Debug|Any CPU
		{858F66FD-CF8D-48C6-933A-D5732D43850B}.Debug|Any CPU.Build.0 = Debug|Any CPU
		{858F66FD-CF8D-48C6-933A-D5732D43850B}.Release|Any CPU.ActiveCfg = Release|Any CPU
		{858F66FD-CF8D-48C6-933A-D5732D43850B}.Release|Any CPU.Build.0 = Release|Any CPU
	EndGlobalSection
	GlobalSection(SolutionProperties) = preSolution
		HideSolutionNode = FALSE
	EndGlobalSection
	GlobalSection(ExtensibilityGlobals) = postSolution
		SolutionGuid = {57DA21F2-26C5-4136-BFEE-ACBFB1C02E0B}
	EndGlobalSection
EndGlobal
